github.com/Songmu/gitconfig v0.0.2 h1:KBMYIgFddPe4F+A8XAezw60dMMpf2/a1h30g3ZR9MMI=
github.com/Songmu/gitconfig v0.0.2/go.mod h1:ynNIqTQeA19lPihVePetAfR4TF/TRaEcVeaF4F/fU/s=
github.com/daviddengcn/go-colortext v0.0.0-20180409174941-186a3d44e920 h1:d/cVoZOrJPJHKH1NdeUjyVAWKp4OpOT+Q+6T1sH7jeU=
github.com/daviddengcn/go-colortext v0.0.0-20180409174941-186a3d44e920/go.mod h1:dv4zxwHi5C/8AeI+4gX4dCWOIvNi7I6JCSX0HvlKPgE=
github.com/golangplus/bytes v0.0.0-20160111154220-45c989fe5450 h1:7xqw01UYS+KCI25bMrPxwNYkSns2Db1ziQPpVq99FpE=
github.com/golangplus/bytes v0.0.0-20160111154220-45c989fe5450/go.mod h1:Bk6SMAONeMXrxql8uvOKuAZSu8aM5RUGv+1C6IJaEho=
github.com/golangplus/fmt v0.0.0-20150411045040-2a5d6d7d2995 h1:f5gsjBiF9tRRVomCvrkGMMWI8W1f2OBFar2c5oakAP0=
github.com/golangplus/fmt v0.0.0-20150411045040-2a5d6d7d2995/go.mod h1:lJgMEyOkYFkPcDKwRXegd+iM6E7matEszMG5HhwytU8=
github.com/golangplus/testing v0.0.0-20180327235837-af21d9c3145e h1:KhcknUwkWHKZPbFy2P7jH5LKJ3La+0ZeknkkmrSgqb0=
github.com/golangplus/testing v0.0.0-20180327235837-af21d9c3145e/go.mod h1:0AA//k/eakGydO4jKRoRL2j92ZKSzTgj9tclaCrvXHk=
github.com/motemen/go-colorine v0.0.0-20180816141035-45d19169413a h1:CONqI/36EjYzkAzrMD0UWuL/lRDr7UdoID4fDGke+Yc=
github.com/motemen/go-colorine v0.0.0-20180816141035-45d19169413a/go.mod h1:PU2urRC7j30rrabSyp1MGGhyoiWSninPD8ckjzBSgkU=
github.com/urfave/cli v1.20.0 h1:fDqGv3UG/4jbVl/QkFwEdddtEDjh/5Ov6X+0B/3bPaw=
github.com/urfave/cli v1.20.0/go.mod h1:70zkFmudgCuE/ngEzBv17Jvp/497gISqfk5gWijbERA=
golang.org/x/crypto v0.0.0-20190308221718-c2843e01d9a2/go.mod h1:djNgcEr1/C05ACkg1iLfiJU5Ep61QUkGW8qpdssI0+w=
golang.org/x/net v0.0.0-20190514140710-3ec191127204 h1:4yG6GqBtw9C+UrLp6s2wtSniayy/Vd/3F7ffLE427XI=
golang.org/x/net v0.0.0-20190514140710-3ec191127204/go.mod h1:t9HGtf8HONx5eT2rtn7q6eTqICYqUVnKs3thJo3Qplg=
golang.org/x/sync v0.0.0-20190423024810-112230192c58 h1:8gQV6CLnAEikrhgkHFbMAEhagSSnXWGV915qUMm9mrU=
golang.org/x/sync v0.0.0-20190423024810-112230192c58/go.mod h1:RxMgew5VJxzue5/jJTE5uejpjVlOe/izrB70Jof72aM=
golang.org/x/sys v0.0.0-20190215142949-d0b11bdaac8a/go.mod h1:STP8DvDyc/dI5b8T5hshtkjS+E42TnysNCUPdjciGhY=
golang.org/x/text v0.3.0/go.mod h1:NqM8EUOU14njkJ3fqMW+pc6Ldnwhi/IjpwHt7yyuwOQ=
golang.org/x/xerrors v0.0.0-20190513163551-3ee3066db522 h1:bhOzK9QyoD0ogCnFro1m2mz41+Ib0oOhfJnBp5MR4K4=
golang.org/x/xerrors v0.0.0-20190513163551-3ee3066db522/go.mod h1:I/5z698sn9Ka8TeJc9MKroUUfqBBauWjQqLJ2OPfmY0=
gopkg.in/check.v1 v0.0.0-20161208181325-20d25e280405 h1:yhCVgyC4o1eVCa2tZl7eS0r+SDo693bJlVdllGtEeKM=
gopkg.in/check.v1 v0.0.0-20161208181325-20d25e280405/go.mod h1:Co6ibVJAznAaIkqp8huTwlJQCZ016jof/cbN4VW5Yz0=
gopkg.in/yaml.v2 v2.2.2 h1:ZCJp+EgiOT7lHqUV2J862kp8Qj64Jo6az82+3Td9dZw=
gopkg.in/yaml.v2 v2.2.2/go.mod h1:hI93XBmqTisBFMUTm0b8Fm+jr3Dg1NNxqwp+5A1VGuI=
