github.com/BurntSushi/toml v0.3.1/go.mod h1:xHWCNGjB5oqiDr8zfno3MHue2Ht5sIBksp03qcyfWMU=
github.com/Songmu/gitconfig v0.0.3 h1:mLLrCol+zLOxbX/0Pp+O8VgEjBPEMu3bZyw+vs/wBY8=
github.com/Songmu/gitconfig v0.0.3/go.mod h1:0b3ML3J86L0tp1SB7qU4vZfezHS2s+PIczPsf23GAdk=
github.com/cpuguy83/go-md2man/v2 v2.0.0-20190314233015-f79a8a8ca69d/go.mod h1:maD7wRr/U5Z6m/iR4s+kqSMx2CaBsrgA7czyZG/E6dU=
github.com/cpuguy83/go-md2man/v2 v2.0.0 h1:EoUDS0afbrsXAZ9YQ9jdu/mZ2sXgT1/2yyNng4PGlyM=
github.com/cpuguy83/go-md2man/v2 v2.0.0/go.mod h1:maD7wRr/U5Z6m/iR4s+kqSMx2CaBsrgA7czyZG/E6dU=
github.com/daviddengcn/go-colortext v1.0.0 h1:ANqDyC0ys6qCSvuEK7l3g5RaehL/Xck9EX8ATG8oKsE=
github.com/daviddengcn/go-colortext v1.0.0/go.mod h1:zDqEI5NVUop5QPpVJUxE9UO10hRnmkD5G4Pmri9+m4c=
github.com/golangplus/bytes v0.0.0-20160111154220-45c989fe5450/go.mod h1:Bk6SMAONeMXrxql8uvOKuAZSu8aM5RUGv+1C6IJaEho=
github.com/golangplus/bytes v1.0.0 h1:YQKBijBVMsBxIiXT4IEhlKR2zHohjEqPole4umyDX+c=
github.com/golangplus/bytes v1.0.0/go.mod h1:AdRaCFwmc/00ZzELMWb01soso6W1R/++O1XL80yAn+A=
github.com/golangplus/fmt v1.0.0 h1:FnUKtw86lXIPfBMc3FimNF3+ABcV+aH5F17OOitTN+E=
github.com/golangplus/fmt v1.0.0/go.mod h1:zpM0OfbMCjPtd2qkTD/jX2MgiFCqklhSUFyDW44gVQE=
github.com/golangplus/testing v1.0.0 h1:+ZeeiKZENNOMkTTELoSySazi+XaEhVO0mb+eanrSEUQ=
github.com/golangplus/testing v1.0.0/go.mod h1:ZDreixUV3YzhoVraIDyOzHrr76p6NUh6k/pPg/Q3gYA=
github.com/mattn/go-isatty v0.0.12 h1:wuysRhFDzyxgEmMf5xjvJ2M9dZoWAXNNr5LSBS7uHXY=
github.com/mattn/go-isatty v0.0.12/go.mod h1:cbi8OIDigv2wuxKPP5vlRcQ1OAZbq2CE4Kysco4FUpU=
github.com/motemen/go-colorine v0.0.0-20180816141035-45d19169413a h1:CONqI/36EjYzkAzrMD0UWuL/lRDr7UdoID4fDGke+Yc=
github.com/motemen/go-colorine v0.0.0-20180816141035-45d19169413a/go.mod h1:PU2urRC7j30rrabSyp1MGGhyoiWSninPD8ckjzBSgkU=
github.com/pmezard/go-difflib v1.0.0 h1:4DBwDE0NGyQoBHbLQYPwSUPoCMWR5BEzIk/f1lZbAQM=
github.com/pmezard/go-difflib v1.0.0/go.mod h1:iKH77koFhYxTK1pcRnkKkqfTogsbg7gZNVY4sRDYZ/4=
github.com/russross/blackfriday/v2 v2.0.1 h1:lPqVAte+HuHNfhJ/0LC98ESWRz8afy9tM/0RK8m9o+Q=
github.com/russross/blackfriday/v2 v2.0.1/go.mod h1:+Rmxgy9KzJVeS9/2gXHxylqXiyQDYRxCVz55jmeOWTM=
github.com/saracen/walker v0.0.0-20191201085201-324a081bae7e h1:NO86zOn5ScSKW8wRbMaSIcjDZUFpWdCQQnexRqZ9h9A=
github.com/saracen/walker v0.0.0-20191201085201-324a081bae7e/go.mod h1:G0Z6yVPru183i2MuRJx1DcR4dgIZtLcTdaaE/pC1BJU=
github.com/shurcooL/sanitized_anchor_name v1.0.0 h1:PdmoCO6wvbs+7yrJyMORt4/BmY5IYyJwS/kOiWx8mHo=
github.com/shurcooL/sanitized_anchor_name v1.0.0/go.mod h1:1NzhyTcUVG4SuEtjjoZeVRXNmyL/1OwPU0+IJeTBvfc=
github.com/urfave/cli/v2 v2.2.0 h1:JTTnM6wKzdA0Jqodd966MVj4vWbbquZykeX1sKbe2C4=
github.com/urfave/cli/v2 v2.2.0/go.mod h1:SE9GqnLQmjVa0iPEY0f1w3ygNIYcIJ0OKPMoW2caLfQ=
golang.org/x/crypto v0.0.0-20190308221718-c2843e01d9a2/go.mod h1:djNgcEr1/C05ACkg1iLfiJU5Ep61QUkGW8qpdssI0+w=
golang.org/x/net v0.0.0-20190620200207-3b0461eec859/go.mod h1:z5CRVTTTmAJ677TzLLGU+0bjPO0LkuOLi4/5GtJWs/s=
golang.org/x/net v0.0.0-20200602114024-627f9648deb9 h1:pNX+40auqi2JqRfOP1akLGtYcn15TUbkhwuCO3foqqM=
golang.org/x/net v0.0.0-20200602114024-627f9648deb9/go.mod h1:qpuaurCH72eLCgpAm/N6yyVIVM9cpaDIP3A8BGJEC5A=
golang.org/x/sync v0.0.0-20190423024810-112230192c58/go.mod h1:RxMgew5VJxzue5/jJTE5uejpjVlOe/izrB70Jof72aM=
golang.org/x/sync v0.0.0-20190911185100-cd5d95a43a6e/go.mod h1:RxMgew5VJxzue5/jJTE5uejpjVlOe/izrB70Jof72aM=
golang.org/x/sync v0.0.0-20200317015054-43a5402ce75a h1:WXEvlFVvvGxCJLG6REjsT03iWnKLEWinaScsxF2Vm2o=
golang.org/x/sync v0.0.0-20200317015054-43a5402ce75a/go.mod h1:RxMgew5VJxzue5/jJTE5uejpjVlOe/izrB70Jof72aM=
golang.org/x/sys v0.0.0-20190215142949-d0b11bdaac8a/go.mod h1:STP8DvDyc/dI5b8T5hshtkjS+E42TnysNCUPdjciGhY=
golang.org/x/sys v0.0.0-20200116001909-b77594299b42/go.mod h1:h1NjWce9XRLGQEsW7wpKNCjG9DtNlClVuFLEZdDNbEs=
golang.org/x/sys v0.0.0-20200323222414-85ca7c5b95cd/go.mod h1:h1NjWce9XRLGQEsW7wpKNCjG9DtNlClVuFLEZdDNbEs=
golang.org/x/sys v0.0.0-20200602225109-6fdc65e7d980 h1:OjiUf46hAmXblsZdnoSXsEUSKU8r1UEzcL5RVZ4gO9Y=
golang.org/x/sys v0.0.0-20200602225109-6fdc65e7d980/go.mod h1:h1NjWce9XRLGQEsW7wpKNCjG9DtNlClVuFLEZdDNbEs=
golang.org/x/text v0.3.0/go.mod h1:NqM8EUOU14njkJ3fqMW+pc6Ldnwhi/IjpwHt7yyuwOQ=
golang.org/x/tools v0.0.0-20191011211836-4c025a95b26e h1:1o2bDs9pCd2xFhdwqJTrCIswAeEsn4h/PCNelWpfcsI=
golang.org/x/tools v0.0.0-20191011211836-4c025a95b26e/go.mod h1:b+2E5dAYhXwXZwtnZ6UAqBI28+e2cm9otk0dWdXHAEo=
golang.org/x/xerrors v0.0.0-20190717185122-a985d3407aa7/go.mod h1:I/5z698sn9Ka8TeJc9MKroUUfqBBauWjQqLJ2OPfmY0=
gopkg.in/check.v1 v0.0.0-20161208181325-20d25e280405 h1:yhCVgyC4o1eVCa2tZl7eS0r+SDo693bJlVdllGtEeKM=
gopkg.in/check.v1 v0.0.0-20161208181325-20d25e280405/go.mod h1:Co6ibVJAznAaIkqp8huTwlJQCZ016jof/cbN4VW5Yz0=
gopkg.in/yaml.v2 v2.2.2/go.mod h1:hI93XBmqTisBFMUTm0b8Fm+jr3Dg1NNxqwp+5A1VGuI=
gopkg.in/yaml.v2 v2.2.7/go.mod h1:hI93XBmqTisBFMUTm0b8Fm+jr3Dg1NNxqwp+5A1VGuI=
gopkg.in/yaml.v2 v2.3.0 h1:clyUAQHOM3G0M3f5vQj7LuJrETvjVot3Z5el9nffUtU=
gopkg.in/yaml.v2 v2.3.0/go.mod h1:hI93XBmqTisBFMUTm0b8Fm+jr3Dg1NNxqwp+5A1VGuI=
